# This file is autogenerated, do not edit; changes may be undone by the next 'dep ensure'.


[[projects]]
  name = "github.com/influxdata/influxdb"
  packages = [
    "client/v2",
    "models",
    "pkg/escape"
  ]
  revision = "62ab18a0f43ee342b84debaaae5486b8b2d8682c"
  version = "v1.6.0"

[solve-meta]
  analyzer-name = "dep"
  analyzer-version = 1
  inputs-digest = "7c20adbca81f293705c4eb2019302a2ccb3a3abc7d96cbaf6e9479d66cd05e9d"
  solver-name = "gps-cdcl"
  solver-version = 1
